
Microsoft Visual Studio Solution File, Format Version 12.00
# Visual Studio 2013
VisualStudioVersion = 12.0.40629.0
MinimumVisualStudioVersion = 10.0.40219.1
Project("{8BC9CEB8-8B4A-11D0-8D11-00A0C91BC942}") = "MultComTest", "WriteIMEI.vcxproj", "{47CE7E6B-84AC-4F4C-918C-D7FE6EC95A08}"
EndProject
Project("{8BC9CEB8-8B4A-11D0-8D11-00A0C91BC942}") = "uEnergyHostLibSample", "uEnergyHost\uEnergyHostLibSample.vcxproj", "{6EC7C15B-E09E-4CC9-81E3-CDCB274B984F}"
EndProject
Project("{8BC9CEB8-8B4A-11D0-8D11-00A0C91BC942}") = "RadioTest", "RadioTest\RadioTest.vcxproj", "{C039DDC6-B5BA-4534-AD91-FD7AC19AD570}"
EndProject
Project("{8BC9CEB8-8B4A-11D0-8D11-00A0C91BC942}") = "ResizableLib", "ResizableLib\ResizableLib.vcxproj", "{1788120B-507A-48C1-9903-8301DDE3D17B}"
EndProject
Global
	GlobalSection(SolutionConfigurationPlatforms) = preSolution
		Debug Static Unicode|Win32 = Debug Static Unicode|Win32
		Debug Static|Win32 = Debug Static|Win32
		Debug Unicode|Win32 = Debug Unicode|Win32
		Debug|Win32 = Debug|Win32
		Release Static Unicode|Win32 = Release Static Unicode|Win32
		Release Static|Win32 = Release Static|Win32
		Release Unicode|Win32 = Release Unicode|Win32
		Release|Win32 = Release|Win32
	EndGlobalSection
	GlobalSection(ProjectConfigurationPlatforms) = postSolution
		{47CE7E6B-84AC-4F4C-918C-D7FE6EC95A08}.Debug Static Unicode|Win32.ActiveCfg = Debug|Win32
		{47CE7E6B-84AC-4F4C-918C-D7FE6EC95A08}.Debug Static Unicode|Win32.Build.0 = Debug|Win32
		{47CE7E6B-84AC-4F4C-918C-D7FE6EC95A08}.Debug Static|Win32.ActiveCfg = Debug|Win32
		{47CE7E6B-84AC-4F4C-918C-D7FE6EC95A08}.Debug Static|Win32.Build.0 = Debug|Win32
		{47CE7E6B-84AC-4F4C-918C-D7FE6EC95A08}.Debug Unicode|Win32.ActiveCfg = Debug|Win32
		{47CE7E6B-84AC-4F4C-918C-D7FE6EC95A08}.Debug Unicode|Win32.Build.0 = Debug|Win32
		{47CE7E6B-84AC-4F4C-918C-D7FE6EC95A08}.Debug|Win32.ActiveCfg = Debug|Win32
		{47CE7E6B-84AC-4F4C-918C-D7FE6EC95A08}.Debug|Win32.Build.0 = Debug|Win32
		{47CE7E6B-84AC-4F4C-918C-D7FE6EC95A08}.Release Static Unicode|Win32.ActiveCfg = Release|Win32
		{47CE7E6B-84AC-4F4C-918C-D7FE6EC95A08}.Release Static Unicode|Win32.Build.0 = Release|Win32
		{47CE7E6B-84AC-4F4C-918C-D7FE6EC95A08}.Release Static|Win32.ActiveCfg = Release|Win32
		{47CE7E6B-84AC-4F4C-918C-D7FE6EC95A08}.Release Static|Win32.Build.0 = Release|Win32
		{47CE7E6B-84AC-4F4C-918C-D7FE6EC95A08}.Release Unicode|Win32.ActiveCfg = Release|Win32
		{47CE7E6B-84AC-4F4C-918C-D7FE6EC95A08}.Release Unicode|Win32.Build.0 = Release|Win32
		{47CE7E6B-84AC-4F4C-918C-D7FE6EC95A08}.Release|Win32.ActiveCfg = Release|Win32
		{47CE7E6B-84AC-4F4C-918C-D7FE6EC95A08}.Release|Win32.Build.0 = Release|Win32
		{6EC7C15B-E09E-4CC9-81E3-CDCB274B984F}.Debug Static Unicode|Win32.ActiveCfg = Debug|Win32
		{6EC7C15B-E09E-4CC9-81E3-CDCB274B984F}.Debug Static Unicode|Win32.Build.0 = Debug|Win32
		{6EC7C15B-E09E-4CC9-81E3-CDCB274B984F}.Debug Static|Win32.ActiveCfg = Debug|Win32
		{6EC7C15B-E09E-4CC9-81E3-CDCB274B984F}.Debug Static|Win32.Build.0 = Debug|Win32
		{6EC7C15B-E09E-4CC9-81E3-CDCB274B984F}.Debug Unicode|Win32.ActiveCfg = Debug|Win32
		{6EC7C15B-E09E-4CC9-81E3-CDCB274B984F}.Debug Unicode|Win32.Build.0 = Debug|Win32
		{6EC7C15B-E09E-4CC9-81E3-CDCB274B984F}.Debug|Win32.ActiveCfg = Debug|Win32
		{6EC7C15B-E09E-4CC9-81E3-CDCB274B984F}.Debug|Win32.Build.0 = Debug|Win32
		{6EC7C15B-E09E-4CC9-81E3-CDCB274B984F}.Release Static Unicode|Win32.ActiveCfg = Release|Win32
		{6EC7C15B-E09E-4CC9-81E3-CDCB274B984F}.Release Static Unicode|Win32.Build.0 = Release|Win32
		{6EC7C15B-E09E-4CC9-81E3-CDCB274B984F}.Release Static|Win32.ActiveCfg = Release|Win32
		{6EC7C15B-E09E-4CC9-81E3-CDCB274B984F}.Release Static|Win32.Build.0 = Release|Win32
		{6EC7C15B-E09E-4CC9-81E3-CDCB274B984F}.Release Unicode|Win32.ActiveCfg = Release|Win32
		{6EC7C15B-E09E-4CC9-81E3-CDCB274B984F}.Release Unicode|Win32.Build.0 = Release|Win32
		{6EC7C15B-E09E-4CC9-81E3-CDCB274B984F}.Release|Win32.ActiveCfg = Release|Win32
		{6EC7C15B-E09E-4CC9-81E3-CDCB274B984F}.Release|Win32.Build.0 = Release|Win32
		{C039DDC6-B5BA-4534-AD91-FD7AC19AD570}.Debug Static Unicode|Win32.ActiveCfg = Debug|Win32
		{C039DDC6-B5BA-4534-AD91-FD7AC19AD570}.Debug Static Unicode|Win32.Build.0 = Debug|Win32
		{C039DDC6-B5BA-4534-AD91-FD7AC19AD570}.Debug Static|Win32.ActiveCfg = Debug|Win32
		{C039DDC6-B5BA-4534-AD91-FD7AC19AD570}.Debug Static|Win32.Build.0 = Debug|Win32
		{C039DDC6-B5BA-4534-AD91-FD7AC19AD570}.Debug Unicode|Win32.ActiveCfg = Debug|Win32
		{C039DDC6-B5BA-4534-AD91-FD7AC19AD570}.Debug Unicode|Win32.Build.0 = Debug|Win32
		{C039DDC6-B5BA-4534-AD91-FD7AC19AD570}.Debug|Win32.ActiveCfg = Debug|Win32
		{C039DDC6-B5BA-4534-AD91-FD7AC19AD570}.Debug|Win32.Build.0 = Debug|Win32
		{C039DDC6-B5BA-4534-AD91-FD7AC19AD570}.Release Static Unicode|Win32.ActiveCfg = Release|Win32
		{C039DDC6-B5BA-4534-AD91-FD7AC19AD570}.Release Static Unicode|Win32.Build.0 = Release|Win32
		{C039DDC6-B5BA-4534-AD91-FD7AC19AD570}.Release Static|Win32.ActiveCfg = Release|Win32
		{C039DDC6-B5BA-4534-AD91-FD7AC19AD570}.Release Static|Win32.Build.0 = Release|Win32
		{C039DDC6-B5BA-4534-AD91-FD7AC19AD570}.Release Unicode|Win32.ActiveCfg = Release|Win32
		{C039DDC6-B5BA-4534-AD91-FD7AC19AD570}.Release Unicode|Win32.Build.0 = Release|Win32
		{C039DDC6-B5BA-4534-AD91-FD7AC19AD570}.Release|Win32.ActiveCfg = Release|Win32
		{C039DDC6-B5BA-4534-AD91-FD7AC19AD570}.Release|Win32.Build.0 = Release|Win32
		{1788120B-507A-48C1-9903-8301DDE3D17B}.Debug Static Unicode|Win32.ActiveCfg = Debug Static Unicode|Win32
		{1788120B-507A-48C1-9903-8301DDE3D17B}.Debug Static Unicode|Win32.Build.0 = Debug Static Unicode|Win32
		{1788120B-507A-48C1-9903-8301DDE3D17B}.Debug Static|Win32.ActiveCfg = Debug Static|Win32
		{1788120B-507A-48C1-9903-8301DDE3D17B}.Debug Static|Win32.Build.0 = Debug Static|Win32
		{1788120B-507A-48C1-9903-8301DDE3D17B}.Debug Unicode|Win32.ActiveCfg = Debug Unicode|Win32
		{1788120B-507A-48C1-9903-8301DDE3D17B}.Debug Unicode|Win32.Build.0 = Debug Unicode|Win32
		{1788120B-507A-48C1-9903-8301DDE3D17B}.Debug|Win32.ActiveCfg = Debug|Win32
		{1788120B-507A-48C1-9903-8301DDE3D17B}.Debug|Win32.Build.0 = Debug|Win32
		{1788120B-507A-48C1-9903-8301DDE3D17B}.Release Static Unicode|Win32.ActiveCfg = Release Static Unicode|Win32
		{1788120B-507A-48C1-9903-8301DDE3D17B}.Release Static Unicode|Win32.Build.0 = Release Static Unicode|Win32
		{1788120B-507A-48C1-9903-8301DDE3D17B}.Release Static|Win32.ActiveCfg = Release Static|Win32
		{1788120B-507A-48C1-9903-8301DDE3D17B}.Release Static|Win32.Build.0 = Release Static|Win32
		{1788120B-507A-48C1-9903-8301DDE3D17B}.Release Unicode|Win32.ActiveCfg = Release Unicode|Win32
		{1788120B-507A-48C1-9903-8301DDE3D17B}.Release Unicode|Win32.Build.0 = Release Unicode|Win32
		{1788120B-507A-48C1-9903-8301DDE3D17B}.Release|Win32.ActiveCfg = Release|Win32
		{1788120B-507A-48C1-9903-8301DDE3D17B}.Release|Win32.Build.0 = Release|Win32
	EndGlobalSection
	GlobalSection(SolutionProperties) = preSolution
		HideSolutionNode = FALSE
	EndGlobalSection
EndGlobal
