<?xml version="1.0" encoding="utf-8"?>
<Project ToolsVersion="4.0" xmlns="http://schemas.microsoft.com/developer/msbuild/2003">
  <ItemGroup>
    <Filter Include="Source Files">
      <UniqueIdentifier>{48d89600-d36e-4913-975f-6f5c50223293}</UniqueIdentifier>
      <Extensions>cpp;c;cxx;rc;def;r;odl;idl;hpj;bat</Extensions>
    </Filter>
    <Filter Include="Header Files">
      <UniqueIdentifier>{d54ff687-7602-4dab-a149-83a2270312aa}</UniqueIdentifier>
      <Extensions>h;hpp;hxx;hm;inl</Extensions>
    </Filter>
    <Filter Include="Resource Files">
      <UniqueIdentifier>{4c15ba19-fcd2-440e-9f62-9d655d48106f}</UniqueIdentifier>
      <Extensions>ico;cur;bmp;dlg;rc2;rct;bin;rgs;gif;jpg;jpeg;jpe</Extensions>
    </Filter>
    <Filter Include="Printer">
      <UniqueIdentifier>{a4567231-a1d2-4eeb-97b0-a05007dc1f22}</UniqueIdentifier>
    </Filter>
    <Filter Include="PicUnion">
      <UniqueIdentifier>{73b7bded-7635-43b5-88df-f63429463028}</UniqueIdentifier>
    </Filter>
  </ItemGroup>
  <ItemGroup>
    <ClCompile Include="ActiveSock.cpp">
      <Filter>Source Files</Filter>
    </ClCompile>
    <ClCompile Include="AdoInterface.cpp">
      <Filter>Source Files</Filter>
    </ClCompile>
    <ClCompile Include="BT_Addr_Setting.cpp">
      <Filter>Source Files</Filter>
    </ClCompile>
    <ClCompile Include="ColReadOnlyEdit.cpp">
      <Filter>Source Files</Filter>
    </ClCompile>
    <ClCompile Include="ComboListCtrl.cpp">
      <Filter>Source Files</Filter>
    </ClCompile>
    <ClCompile Include="CSpreadSheet.cpp">
      <Filter>Source Files</Filter>
    </ClCompile>
    <ClCompile Include="RadioTest\CSRBTHostControl.cpp">
      <Filter>Source Files</Filter>
    </ClCompile>
    <ClCompile Include="DataBase.cpp">
      <Filter>Source Files</Filter>
    </ClCompile>
    <ClCompile Include="DeleteDB_Data_Confirm.cpp">
      <Filter>Source Files</Filter>
    </ClCompile>
    <ClCompile Include="FlatHeaderCtrl.cpp">
      <Filter>Source Files</Filter>
    </ClCompile>
    <ClCompile Include="FunctionContext.cpp">
      <Filter>Source Files</Filter>
    </ClCompile>
    <ClCompile Include="IMEIWrite_MulAT.cpp">
      <Filter>Source Files</Filter>
    </ClCompile>
    <ClCompile Include="IniFile.cpp">
      <Filter>Source Files</Filter>
    </ClCompile>
    <ClCompile Include="InPlaceCombo.cpp">
      <Filter>Source Files</Filter>
    </ClCompile>
    <ClCompile Include="InPlaceEdit.cpp">
      <Filter>Source Files</Filter>
    </ClCompile>
    <ClCompile Include="LeadcoreChip.cpp">
      <Filter>Source Files</Filter>
    </ClCompile>
    <ClCompile Include="LibincStory.cpp">
      <Filter>Source Files</Filter>
    </ClCompile>
    <ClCompile Include="Login.cpp">
      <Filter>Source Files</Filter>
    </ClCompile>
    <ClCompile Include="Login2.cpp">
      <Filter>Source Files</Filter>
    </ClCompile>
    <ClCompile Include="Login3.cpp">
      <Filter>Source Files</Filter>
    </ClCompile>
    <ClCompile Include="md5.cpp">
      <Filter>Source Files</Filter>
    </ClCompile>
    <ClCompile Include="PackingPrint.cpp">
      <Filter>Source Files</Filter>
    </ClCompile>
    <ClCompile Include="Para1.cpp">
      <Filter>Source Files</Filter>
    </ClCompile>
    <ClCompile Include="PictureEx.cpp">
      <Filter>Source Files</Filter>
    </ClCompile>
    <ClCompile Include="ReportCtrl.cpp">
      <Filter>Source Files</Filter>
    </ClCompile>
    <ClCompile Include="StdAfx.cpp">
      <Filter>Source Files</Filter>
    </ClCompile>
    <ClCompile Include="TagsBatchPrint.cpp">
      <Filter>Source Files</Filter>
    </ClCompile>
    <ClCompile Include="ThumbnailBox.cpp">
      <Filter>Source Files</Filter>
    </ClCompile>
    <ClCompile Include="ThumbnailBoxDlg.cpp">
      <Filter>Source Files</Filter>
    </ClCompile>
    <ClCompile Include="UDP.cpp">
      <Filter>Source Files</Filter>
    </ClCompile>
    <ClCompile Include="UserSetting.cpp">
      <Filter>Source Files</Filter>
    </ClCompile>
    <ClCompile Include="WriteIMEI.cpp">
      <Filter>Source Files</Filter>
    </ClCompile>
    <ClCompile Include="WriteIMEIDlg.cpp">
      <Filter>Source Files</Filter>
    </ClCompile>
    <ClCompile Include="yxyDES.cpp">
      <Filter>Source Files</Filter>
    </ClCompile>
    <ClCompile Include="ZebraPrinter.cpp">
      <Filter>Source Files</Filter>
    </ClCompile>
    <ClCompile Include="bartender.cpp">
      <Filter>Printer</Filter>
    </ClCompile>
    <ClCompile Include="Common\Printer\ConvertCHN.cpp">
      <Filter>Printer</Filter>
    </ClCompile>
    <ClCompile Include="JPGUnion\BasicUse.cpp">
      <Filter>PicUnion</Filter>
    </ClCompile>
    <ClCompile Include="JPGUnion\BjfProcess.cpp">
      <Filter>PicUnion</Filter>
    </ClCompile>
    <ClCompile Include="JPGUnion\CombineImages.cpp">
      <Filter>PicUnion</Filter>
    </ClCompile>
    <ClCompile Include="JPGUnion\PictureProcess.cpp">
      <Filter>PicUnion</Filter>
    </ClCompile>
    <ClCompile Include="TServerScoket.cpp">
      <Filter>Source Files</Filter>
    </ClCompile>
    <ClCompile Include="Aes.cpp">
      <Filter>Source Files</Filter>
    </ClCompile>
    <ClCompile Include="CurrentTest.cpp">
      <Filter>Source Files</Filter>
    </ClCompile>
    <ClCompile Include="PowerControlDlg.cpp">
      <Filter>Source Files</Filter>
    </ClCompile>
    <ClCompile Include="RDAHostInterface.cpp">
      <Filter>Source Files</Filter>
    </ClCompile>
  </ItemGroup>
  <ItemGroup>
    <ResourceCompile Include="WriteIMEI.rc">
      <Filter>Source Files</Filter>
    </ResourceCompile>
  </ItemGroup>
  <ItemGroup>
    <ClInclude Include="ActiveSock.h">
      <Filter>Header Files</Filter>
    </ClInclude>
    <ClInclude Include="AdoInterface.h">
      <Filter>Header Files</Filter>
    </ClInclude>
    <ClInclude Include="BT_Addr_Setting.h">
      <Filter>Header Files</Filter>
    </ClInclude>
    <ClInclude Include="ColReadOnlyEdit.h">
      <Filter>Header Files</Filter>
    </ClInclude>
    <ClInclude Include="ComboListCtrl.h">
      <Filter>Header Files</Filter>
    </ClInclude>
    <ClInclude Include="CSpreadSheet.h">
      <Filter>Header Files</Filter>
    </ClInclude>
    <ClInclude Include="DataBase.h">
      <Filter>Header Files</Filter>
    </ClInclude>
    <ClInclude Include="DeleteDB_Data_Confirm.h">
      <Filter>Header Files</Filter>
    </ClInclude>
    <ClInclude Include="EventWrapper.h">
      <Filter>Header Files</Filter>
    </ClInclude>
    <ClInclude Include="FlatHeaderCtrl.h">
      <Filter>Header Files</Filter>
    </ClInclude>
    <ClInclude Include="FunctionContext.h">
      <Filter>Header Files</Filter>
    </ClInclude>
    <ClInclude Include="IMEIWrite_MulAT.h">
      <Filter>Header Files</Filter>
    </ClInclude>
    <ClInclude Include="IniFile.h">
      <Filter>Header Files</Filter>
    </ClInclude>
    <ClInclude Include="InPlaceCombo.h">
      <Filter>Header Files</Filter>
    </ClInclude>
    <ClInclude Include="InPlaceEdit.h">
      <Filter>Header Files</Filter>
    </ClInclude>
    <ClInclude Include="ISocketStream.h">
      <Filter>Header Files</Filter>
    </ClInclude>
    <ClInclude Include="LeadcoreChip.h">
      <Filter>Header Files</Filter>
    </ClInclude>
    <ClInclude Include="LibincStory.h">
      <Filter>Header Files</Filter>
    </ClInclude>
    <ClInclude Include="Login.h">
      <Filter>Header Files</Filter>
    </ClInclude>
    <ClInclude Include="Login2.h">
      <Filter>Header Files</Filter>
    </ClInclude>
    <ClInclude Include="Login3.h">
      <Filter>Header Files</Filter>
    </ClInclude>
    <ClInclude Include="md5.h">
      <Filter>Header Files</Filter>
    </ClInclude>
    <ClInclude Include="PackingPrint.h">
      <Filter>Header Files</Filter>
    </ClInclude>
    <ClInclude Include="Para1.h">
      <Filter>Header Files</Filter>
    </ClInclude>
    <ClInclude Include="PhoneCommand.h">
      <Filter>Header Files</Filter>
    </ClInclude>
    <ClInclude Include="PictureEx.h">
      <Filter>Header Files</Filter>
    </ClInclude>
    <ClInclude Include="ReportCtrl.h">
      <Filter>Header Files</Filter>
    </ClInclude>
    <ClInclude Include="Resource.h">
      <Filter>Header Files</Filter>
    </ClInclude>
    <ClInclude Include="StdAfx.h">
      <Filter>Header Files</Filter>
    </ClInclude>
    <ClInclude Include="TagsBatchPrint.h">
      <Filter>Header Files</Filter>
    </ClInclude>
    <ClInclude Include="ThumbnailBox.h">
      <Filter>Header Files</Filter>
    </ClInclude>
    <ClInclude Include="ThumbnailBoxDlg.h">
      <Filter>Header Files</Filter>
    </ClInclude>
    <ClInclude Include="UDP.h">
      <Filter>Header Files</Filter>
    </ClInclude>
    <ClInclude Include="UserSetting.h">
      <Filter>Header Files</Filter>
    </ClInclude>
    <ClInclude Include="WriteIMEI.h">
      <Filter>Header Files</Filter>
    </ClInclude>
    <ClInclude Include="WriteIMEIDlg.h">
      <Filter>Header Files</Filter>
    </ClInclude>
    <ClInclude Include="yxyDES.h">
      <Filter>Header Files</Filter>
    </ClInclude>
    <ClInclude Include="ZebraPrinter.h">
      <Filter>Header Files</Filter>
    </ClInclude>
    <ClInclude Include="bartender.h">
      <Filter>Printer</Filter>
    </ClInclude>
    <ClInclude Include="Common\Printer\ConvertCHN.h">
      <Filter>Printer</Filter>
    </ClInclude>
    <ClInclude Include="JPGUnion\BasicUse.h">
      <Filter>PicUnion</Filter>
    </ClInclude>
    <ClInclude Include="JPGUnion\BjfProcess.h">
      <Filter>PicUnion</Filter>
    </ClInclude>
    <ClInclude Include="JPGUnion\CombineImages.h">
      <Filter>PicUnion</Filter>
    </ClInclude>
    <ClInclude Include="JPGUnion\PictureProcess.h">
      <Filter>PicUnion</Filter>
    </ClInclude>
    <ClInclude Include="SocketArrayList.h">
      <Filter>Header Files</Filter>
    </ClInclude>
    <ClInclude Include="TServerScoket.h">
      <Filter>Header Files</Filter>
    </ClInclude>
    <ClInclude Include="Aes.h">
      <Filter>Header Files</Filter>
    </ClInclude>
    <ClInclude Include="IT6400.h">
      <Filter>Header Files</Filter>
    </ClInclude>
    <ClInclude Include="Relay32.h">
      <Filter>Header Files</Filter>
    </ClInclude>
    <ClInclude Include="CurrentTest.h">
      <Filter>Header Files</Filter>
    </ClInclude>
    <ClInclude Include="export.h">
      <Filter>Header Files</Filter>
    </ClInclude>
    <ClInclude Include="ImageDll.h">
      <Filter>Header Files</Filter>
    </ClInclude>
    <ClInclude Include="PowerControlDlg.h">
      <Filter>Header Files</Filter>
    </ClInclude>
    <ClInclude Include="RDAHostInterface.h">
      <Filter>Header Files</Filter>
    </ClInclude>
  </ItemGroup>
  <ItemGroup>
    <Image Include="res\1.bmp">
      <Filter>Resource Files</Filter>
    </Image>
    <Image Include="res\2.bmp">
      <Filter>Resource Files</Filter>
    </Image>
    <Image Include="res\2222.ico">
      <Filter>Resource Files</Filter>
    </Image>
    <Image Include="res\AutoTest.bmp">
      <Filter>Resource Files</Filter>
    </Image>
    <Image Include="res\AutoTest2.bmp">
      <Filter>Resource Files</Filter>
    </Image>
    <Image Include="res\bitmap4.bmp">
      <Filter>Resource Files</Filter>
    </Image>
    <Image Include="res\icon1.ico">
      <Filter>Resource Files</Filter>
    </Image>
    <Image Include="res\ihuan.gif">
      <Filter>Resource Files</Filter>
    </Image>
    <Image Include="res\katong14.bmp">
      <Filter>Resource Files</Filter>
    </Image>
    <Image Include="res\professsional.bmp">
      <Filter>Resource Files</Filter>
    </Image>
    <Image Include="res\professsional2.bmp">
      <Filter>Resource Files</Filter>
    </Image>
    <Image Include="res\professsional3.bmp">
      <Filter>Resource Files</Filter>
    </Image>
    <Image Include="res\PS.ico">
      <Filter>Resource Files</Filter>
    </Image>
    <Image Include="res\S.bmp">
      <Filter>Resource Files</Filter>
    </Image>
    <Image Include="res\WriteIMEI.ico">
      <Filter>Resource Files</Filter>
    </Image>
    <Image Include="res\Y.bmp">
      <Filter>Resource Files</Filter>
    </Image>
    <Image Include="res\德赛.bmp">
      <Filter>Resource Files</Filter>
    </Image>
    <Image Include="res\德赛2.bmp">
      <Filter>Resource Files</Filter>
    </Image>
    <Image Include="res\联代.bmp">
      <Filter>Resource Files</Filter>
    </Image>
    <Image Include="res\钥匙.bmp">
      <Filter>Resource Files</Filter>
    </Image>
  </ItemGroup>
  <ItemGroup>
    <None Include="res\wave1.bin">
      <Filter>Resource Files</Filter>
    </None>
    <None Include="res\WriteIMEI.rc2">
      <Filter>Resource Files</Filter>
    </None>
    <None Include="ClassDiagram1.cd" />
  </ItemGroup>
  <ItemGroup>
    <Media Include="res\QQQQ.wav" />
    <Media Include="res\REC_fail.wav" />
    <Media Include="res\REC_success.wav" />
  </ItemGroup>
  <ItemGroup>
    <Text Include="ReadMe.txt" />
  </ItemGroup>
</Project>